Microsoft Visual Studio Solution File, Format Version 12.00
# Visual Studio Version 17
VisualStudioVersion = 17.5.2.0
MinimumVisualStudioVersion = 10.0.40219.1
Project("{FAE04EC0-301F-11D3-BF4B-00C04F79EFBC}") = "IntranetDocumentos", "IntranetDocumentos.csproj", "{A000F054-09C9-A430-E60A-91832EEE7654}"
EndProject
Global
	GlobalSection(SolutionConfigurationPlatforms) = preSolution
		Debug|Any CPU = Debug|Any CPU
		Release|Any CPU = Release|Any CPU
	EndGlobalSection
	GlobalSection(ProjectConfigurationPlatforms) = postSolution
		{A000F054-09C9-A430-E60A-91832EEE7654}.Debug|Any CPU.ActiveCfg = Debug|Any CPU
		{A000F054-09C9-A430-E60A-91832EEE7654}.Debug|Any CPU.Build.0 = Debug|Any CPU
		{A000F054-09C9-A430-E60A-91832EEE7654}.Release|Any CPU.ActiveCfg = Release|Any CPU
		{A000F054-09C9-A430-E60A-91832EEE7654}.Release|Any CPU.Build.0 = Release|Any CPU
	EndGlobalSection
	GlobalSection(SolutionProperties) = preSolution
		HideSolutionNode = FALSE
	EndGlobalSection
	GlobalSection(ExtensibilityGlobals) = postSolution
		SolutionGuid = {F59A856F-AB33-4F80-A883-B9CEEC0DC8A5}
	EndGlobalSection
EndGlobal
